
Microsoft Visual Studio Solution File, Format Version 12.00
# Visual Studio Version 17
VisualStudioVersion = 17.0.32112.339
MinimumVisualStudioVersion = 10.0.40219.1
Project("{FAE04EC0-301F-11D3-BF4B-00C04F79EFBC}") = "CSharpUdemyLearningProject", "CSharpUdemyLearningProject.csproj", "{AF8A6E5F-6858-4433-8476-F4F7A56388B6}"
EndProject
Global
	GlobalSection(SolutionConfigurationPlatforms) = preSolution
		Debug|Any CPU = Debug|Any CPU
		Release|Any CPU = Release|Any CPU
	EndGlobalSection
	GlobalSection(ProjectConfigurationPlatforms) = postSolution
		{AF8A6E5F-6858-4433-8476-F4F7A56388B6}.Debug|Any CPU.ActiveCfg = Debug|Any CPU
		{AF8A6E5F-6858-4433-8476-F4F7A56388B6}.Debug|Any CPU.Build.0 = Debug|Any CPU
		{AF8A6E5F-6858-4433-8476-F4F7A56388B6}.Release|Any CPU.ActiveCfg = Release|Any CPU
		{AF8A6E5F-6858-4433-8476-F4F7A56388B6}.Release|Any CPU.Build.0 = Release|Any CPU
	EndGlobalSection
	GlobalSection(SolutionProperties) = preSolution
		HideSolutionNode = FALSE
	EndGlobalSection
	GlobalSection(ExtensibilityGlobals) = postSolution
		SolutionGuid = {A5856992-1798-4E8C-9CD2-21F938550A6E}
	EndGlobalSection
EndGlobal
